
Microsoft Visual Studio Solution File, Format Version 12.00
# Visual Studio Version 16
VisualStudioVersion = 16.0.30804.86
MinimumVisualStudioVersion = 10.0.40219.1
Project("{FAE04EC0-301F-11D3-BF4B-00C04F79EFBC}") = "DBradio", "DBradio\DBradio.csproj", "{2491415B-CE4A-49A4-92CF-05C58CA1D734}"
EndProject
Global
	GlobalSection(SolutionConfigurationPlatforms) = preSolution
		Debug|Any CPU = Debug|Any CPU
		Release|Any CPU = Release|Any CPU
	EndGlobalSection
	GlobalSection(ProjectConfigurationPlatforms) = postSolution
		{2491415B-CE4A-49A4-92CF-05C58CA1D734}.Debug|Any CPU.ActiveCfg = Debug|Any CPU
		{2491415B-CE4A-49A4-92CF-05C58CA1D734}.Debug|Any CPU.Build.0 = Debug|Any CPU
		{2491415B-CE4A-49A4-92CF-05C58CA1D734}.Release|Any CPU.ActiveCfg = Release|Any CPU
		{2491415B-CE4A-49A4-92CF-05C58CA1D734}.Release|Any CPU.Build.0 = Release|Any CPU
	EndGlobalSection
	GlobalSection(SolutionProperties) = preSolution
		HideSolutionNode = FALSE
	EndGlobalSection
	GlobalSection(ExtensibilityGlobals) = postSolution
		SolutionGuid = {0F863F35-E339-400E-B89F-2C4160859198}
	EndGlobalSection
EndGlobal
